
Microsoft Visual Studio Solution File, Format Version 12.00
# Visual Studio Express 2013 for Windows Desktop
VisualStudioVersion = 12.0.31101.0
MinimumVisualStudioVersion = 10.0.40219.1
Project("{8BC9CEB8-8B4A-11D0-8D11-00A0C91BC942}") = "llist", "llist\llist.vcxproj", "{42FC6F6B-3382-4301-B923-A737F3357AE5}"
EndProject
Global
	GlobalSection(SolutionConfigurationPlatforms) = preSolution
		Debug|Win32 = Debug|Win32
		Release|Win32 = Release|Win32
	EndGlobalSection
	GlobalSection(ProjectConfigurationPlatforms) = postSolution
		{42FC6F6B-3382-4301-B923-A737F3357AE5}.Debug|Win32.ActiveCfg = Debug|Win32
		{42FC6F6B-3382-4301-B923-A737F3357AE5}.Debug|Win32.Build.0 = Debug|Win32
		{42FC6F6B-3382-4301-B923-A737F3357AE5}.Release|Win32.ActiveCfg = Release|Win32
		{42FC6F6B-3382-4301-B923-A737F3357AE5}.Release|Win32.Build.0 = Release|Win32
	EndGlobalSection
	GlobalSection(SolutionProperties) = preSolution
		HideSolutionNode = FALSE
	EndGlobalSection
EndGlobal
